
Microsoft Visual Studio Solution File, Format Version 12.00
# Visual Studio 2012
Project("{FAE04EC0-301F-11D3-BF4B-00C04F79EFBC}") = "AjaxDemo", "AjaxDemo\AjaxDemo.csproj", "{CF93F779-7FC6-4184-879D-37DFD4BACA7D}"
EndProject
Global
	GlobalSection(SolutionConfigurationPlatforms) = preSolution
		Debug|Any CPU = Debug|Any CPU
		Release|Any CPU = Release|Any CPU
	EndGlobalSection
	GlobalSection(ProjectConfigurationPlatforms) = postSolution
		{CF93F779-7FC6-4184-879D-37DFD4BACA7D}.Debug|Any CPU.ActiveCfg = Debug|Any CPU
		{CF93F779-7FC6-4184-879D-37DFD4BACA7D}.Debug|Any CPU.Build.0 = Debug|Any CPU
		{CF93F779-7FC6-4184-879D-37DFD4BACA7D}.Release|Any CPU.ActiveCfg = Release|Any CPU
		{CF93F779-7FC6-4184-879D-37DFD4BACA7D}.Release|Any CPU.Build.0 = Release|Any CPU
	EndGlobalSection
EndGlobal
